{
  "originHash" : "dfdba6ce323a08aa701fdf24ee66134dd4e55078a71675ea2712d49bf5bcfbec",
  "pins" : [
    {
      "identity" : "swift-argument-parser",
      "kind" : "remoteSourceControl",
      "location" : "https://github.com/apple/swift-argument-parser.git",
      "state" : {
        "revision" : "6a52f3251125d74daf04fcbd5e6f08a75d074382",
        "version" : "1.8.2"
      }
    },
    {
      "identity" : "swift-midi-core",
      "kind" : "remoteSourceControl",
      "location" : "https://github.com/orchetect/swift-midi-core",
      "state" : {
        "revision" : "8ca67a4aa5dc59169b4f0abb654d4ac8340a94bf",
        "version" : "1.0.2"
      }
    },
    {
      "identity" : "swift-midi-io",
      "kind" : "remoteSourceControl",
      "location" : "https://github.com/orchetect/swift-midi-io",
      "state" : {
        "revision" : "54ac94028e3825bd8e622d373b0698d196927212",
        "version" : "1.1.0"
      }
    }
  ],
  "version" : 3
}
